// !$*UTF8*$!
{
	archiveVersion = 1;
	classes = {
	};
	objectVersion = 56;
	objects = {

/* Begin PBXBuildFile section */
		1D1278FB2C080B7F00C67904 /* PlaceholderView.swift in Sources */ = {isa = PBXBuildFile; fileRef = 1D1278FA2C080B7F00C67904 /* PlaceholderView.swift */; };
		1D1278FD2C080DD600C67904 /* HolidayView.swift in Sources */ = {isa = PBXBuildFile; fileRef = 1D1278FC2C080DD600C67904 /* HolidayView.swift */; };
		1D1278FF2C080EC700C67904 /* HotTicketView.swift in Sources */ = {isa = PBXBuildFile; fileRef = 1D1278FE2C080EC700C67904 /* HotTicketView.swift */; };
		1D1279012C08B2A600C67904 /* CountrySelectedView.swift in Sources */ = {isa = PBXBuildFile; fileRef = 1D1279002C08B2A600C67904 /* CountrySelectedView.swift */; };
		1D1279252C09205900C67904 /* AllTicketsView.swift in Sources */ = {isa = PBXBuildFile; fileRef = 1D1279242C09205900C67904 /* AllTicketsView.swift */; };
		1D1279292C09FDCC00C67904 /* Ticket.swift in Sources */ = {isa = PBXBuildFile; fileRef = 1D1279282C09FDCC00C67904 /* Ticket.swift */; };
		1D12792B2C09FDE800C67904 /* TicketResponse.swift in Sources */ = {isa = PBXBuildFile; fileRef = 1D12792A2C09FDE800C67904 /* TicketResponse.swift */; };
		1D12792D2C09FE0A00C67904 /* TicketService.swift in Sources */ = {isa = PBXBuildFile; fileRef = 1D12792C2C09FE0A00C67904 /* TicketService.swift */; };
		1D1279332C0A378000C67904 /* Card.swift in Sources */ = {isa = PBXBuildFile; fileRef = 1D1279322C0A378000C67904 /* Card.swift */; };
		1D1279352C0A37C900C67904 /* AllTicketsViewModel.swift in Sources */ = {isa = PBXBuildFile; fileRef = 1D1279342C0A37C900C67904 /* AllTicketsViewModel.swift */; };
		1D1279372C0A37E900C67904 /* CardView.swift in Sources */ = {isa = PBXBuildFile; fileRef = 1D1279362C0A37E900C67904 /* CardView.swift */; };
		1DE3C1912C07747500591FAD /* airTApp.swift in Sources */ = {isa = PBXBuildFile; fileRef = 1DE3C1902C07747500591FAD /* airTApp.swift */; };
		1DE3C1932C07747500591FAD /* ContentView.swift in Sources */ = {isa = PBXBuildFile; fileRef = 1DE3C1922C07747500591FAD /* ContentView.swift */; };
		1DE3C1952C07747900591FAD /* Assets.xcassets in Resources */ = {isa = PBXBuildFile; fileRef = 1DE3C1942C07747900591FAD /* Assets.xcassets */; };
		1DE3C1982C07747900591FAD /* Preview Assets.xcassets in Resources */ = {isa = PBXBuildFile; fileRef = 1DE3C1972C07747900591FAD /* Preview Assets.xcassets */; };
		1DE3C1A72C07771D00591FAD /* AppCoordinator.swift in Sources */ = {isa = PBXBuildFile; fileRef = 1DE3C1A62C07771D00591FAD /* AppCoordinator.swift */; };
		1DE3C1AF2C077CB600591FAD /* MainViewModel.swift in Sources */ = {isa = PBXBuildFile; fileRef = 1DE3C1AE2C077CB600591FAD /* MainViewModel.swift */; };
		1DE3C1B12C077CDE00591FAD /* HotelsViewModel.swift in Sources */ = {isa = PBXBuildFile; fileRef = 1DE3C1B02C077CDE00591FAD /* HotelsViewModel.swift */; };
		1DE3C1B32C077D0000591FAD /* ShortcutsViewModel.swift in Sources */ = {isa = PBXBuildFile; fileRef = 1DE3C1B22C077D0000591FAD /* ShortcutsViewModel.swift */; };
		1DE3C1B52C077D1C00591FAD /* SubscriptionsViewModel.swift in Sources */ = {isa = PBXBuildFile; fileRef = 1DE3C1B42C077D1C00591FAD /* SubscriptionsViewModel.swift */; };
		1DE3C1B72C077D3500591FAD /* ProfileViewModel.swift in Sources */ = {isa = PBXBuildFile; fileRef = 1DE3C1B62C077D3500591FAD /* ProfileViewModel.swift */; };
		1DE3C1B92C077D5100591FAD /* MainView.swift in Sources */ = {isa = PBXBuildFile; fileRef = 1DE3C1B82C077D5100591FAD /* MainView.swift */; };
		1DE3C1BB2C077D8600591FAD /* HotelsView.swift in Sources */ = {isa = PBXBuildFile; fileRef = 1DE3C1BA2C077D8600591FAD /* HotelsView.swift */; };
		1DE3C1BD2C077DAF00591FAD /* ShortcutsView.swift in Sources */ = {isa = PBXBuildFile; fileRef = 1DE3C1BC2C077DAF00591FAD /* ShortcutsView.swift */; };
		1DE3C1BF2C077DCF00591FAD /* SubscriptionsView.swift in Sources */ = {isa = PBXBuildFile; fileRef = 1DE3C1BE2C077DCF00591FAD /* SubscriptionsView.swift */; };
		1DE3C1C12C077DF500591FAD /* ProfileView.swift in Sources */ = {isa = PBXBuildFile; fileRef = 1DE3C1C02C077DF500591FAD /* ProfileView.swift */; };
		1DE3C1C32C078C3200591FAD /* Offer.swift in Sources */ = {isa = PBXBuildFile; fileRef = 1DE3C1C22C078C3200591FAD /* Offer.swift */; };
		1DE3C1C52C078C9E00591FAD /* APIService.swift in Sources */ = {isa = PBXBuildFile; fileRef = 1DE3C1C42C078C9E00591FAD /* APIService.swift */; };
/* End PBXBuildFile section */

/* Begin PBXFileReference section */
		1D1278FA2C080B7F00C67904 /* PlaceholderView.swift */ = {isa = PBXFileReference; lastKnownFileType = sourcecode.swift; path = PlaceholderView.swift; sourceTree = "<group>"; };
		1D1278FC2C080DD600C67904 /* HolidayView.swift */ = {isa = PBXFileReference; lastKnownFileType = sourcecode.swift; path = HolidayView.swift; sourceTree = "<group>"; };
		1D1278FE2C080EC700C67904 /* HotTicketView.swift */ = {isa = PBXFileReference; lastKnownFileType = sourcecode.swift; path = HotTicketView.swift; sourceTree = "<group>"; };
		1D1279002C08B2A600C67904 /* CountrySelectedView.swift */ = {isa = PBXFileReference; lastKnownFileType = sourcecode.swift; path = CountrySelectedView.swift; sourceTree = "<group>"; };
		1D1279242C09205900C67904 /* AllTicketsView.swift */ = {isa = PBXFileReference; lastKnownFileType = sourcecode.swift; path = AllTicketsView.swift; sourceTree = "<group>"; };
		1D1279282C09FDCC00C67904 /* Ticket.swift */ = {isa = PBXFileReference; lastKnownFileType = sourcecode.swift; path = Ticket.swift; sourceTree = "<group>"; };
		1D12792A2C09FDE800C67904 /* TicketResponse.swift */ = {isa = PBXFileReference; lastKnownFileType = sourcecode.swift; path = TicketResponse.swift; sourceTree = "<group>"; };
		1D12792C2C09FE0A00C67904 /* TicketService.swift */ = {isa = PBXFileReference; lastKnownFileType = sourcecode.swift; path = TicketService.swift; sourceTree = "<group>"; };
		1D1279322C0A378000C67904 /* Card.swift */ = {isa = PBXFileReference; lastKnownFileType = sourcecode.swift; path = Card.swift; sourceTree = "<group>"; };
		1D1279342C0A37C900C67904 /* AllTicketsViewModel.swift */ = {isa = PBXFileReference; lastKnownFileType = sourcecode.swift; path = AllTicketsViewModel.swift; sourceTree = "<group>"; };
		1D1279362C0A37E900C67904 /* CardView.swift */ = {isa = PBXFileReference; lastKnownFileType = sourcecode.swift; path = CardView.swift; sourceTree = "<group>"; };
		1DE3C18D2C07747500591FAD /* airT.app */ = {isa = PBXFileReference; explicitFileType = wrapper.application; includeInIndex = 0; path = airT.app; sourceTree = BUILT_PRODUCTS_DIR; };
		1DE3C1902C07747500591FAD /* airTApp.swift */ = {isa = PBXFileReference; lastKnownFileType = sourcecode.swift; path = airTApp.swift; sourceTree = "<group>"; };
		1DE3C1922C07747500591FAD /* ContentView.swift */ = {isa = PBXFileReference; lastKnownFileType = sourcecode.swift; path = ContentView.swift; sourceTree = "<group>"; };
		1DE3C1942C07747900591FAD /* Assets.xcassets */ = {isa = PBXFileReference; lastKnownFileType = folder.assetcatalog; path = Assets.xcassets; sourceTree = "<group>"; };
		1DE3C1972C07747900591FAD /* Preview Assets.xcassets */ = {isa = PBXFileReference; lastKnownFileType = folder.assetcatalog; path = "Preview Assets.xcassets"; sourceTree = "<group>"; };
		1DE3C1A62C07771D00591FAD /* AppCoordinator.swift */ = {isa = PBXFileReference; lastKnownFileType = sourcecode.swift; path = AppCoordinator.swift; sourceTree = "<group>"; };
		1DE3C1AE2C077CB600591FAD /* MainViewModel.swift */ = {isa = PBXFileReference; lastKnownFileType = sourcecode.swift; path = MainViewModel.swift; sourceTree = "<group>"; };
		1DE3C1B02C077CDE00591FAD /* HotelsViewModel.swift */ = {isa = PBXFileReference; lastKnownFileType = sourcecode.swift; path = HotelsViewModel.swift; sourceTree = "<group>"; };
		1DE3C1B22C077D0000591FAD /* ShortcutsViewModel.swift */ = {isa = PBXFileReference; lastKnownFileType = sourcecode.swift; path = ShortcutsViewModel.swift; sourceTree = "<group>"; };
		1DE3C1B42C077D1C00591FAD /* SubscriptionsViewModel.swift */ = {isa = PBXFileReference; lastKnownFileType = sourcecode.swift; path = SubscriptionsViewModel.swift; sourceTree = "<group>"; };
		1DE3C1B62C077D3500591FAD /* ProfileViewModel.swift */ = {isa = PBXFileReference; lastKnownFileType = sourcecode.swift; path = ProfileViewModel.swift; sourceTree = "<group>"; };
		1DE3C1B82C077D5100591FAD /* MainView.swift */ = {isa = PBXFileReference; lastKnownFileType = sourcecode.swift; path = MainView.swift; sourceTree = "<group>"; };
		1DE3C1BA2C077D8600591FAD /* HotelsView.swift */ = {isa = PBXFileReference; lastKnownFileType = sourcecode.swift; path = HotelsView.swift; sourceTree = "<group>"; };
		1DE3C1BC2C077DAF00591FAD /* ShortcutsView.swift */ = {isa = PBXFileReference; lastKnownFileType = sourcecode.swift; path = ShortcutsView.swift; sourceTree = "<group>"; };
		1DE3C1BE2C077DCF00591FAD /* SubscriptionsView.swift */ = {isa = PBXFileReference; lastKnownFileType = sourcecode.swift; path = SubscriptionsView.swift; sourceTree = "<group>"; };
		1DE3C1C02C077DF500591FAD /* ProfileView.swift */ = {isa = PBXFileReference; lastKnownFileType = sourcecode.swift; path = ProfileView.swift; sourceTree = "<group>"; };
		1DE3C1C22C078C3200591FAD /* Offer.swift */ = {isa = PBXFileReference; lastKnownFileType = sourcecode.swift; path = Offer.swift; sourceTree = "<group>"; };
		1DE3C1C42C078C9E00591FAD /* APIService.swift */ = {isa = PBXFileReference; lastKnownFileType = sourcecode.swift; path = APIService.swift; sourceTree = "<group>"; };
/* End PBXFileReference section */

/* Begin PBXFrameworksBuildPhase section */
		1DE3C18A2C07747500591FAD /* Frameworks */ = {
			isa = PBXFrameworksBuildPhase;
			buildActionMask = 2147483647;
			files = (
			);
			runOnlyForDeploymentPostprocessing = 0;
		};
/* End PBXFrameworksBuildPhase section */

/* Begin PBXGroup section */
		1DE3C1842C07747500591FAD = {
			isa = PBXGroup;
			children = (
				1DE3C18F2C07747500591FAD /* airT */,
				1DE3C18E2C07747500591FAD /* Products */,
			);
			sourceTree = "<group>";
		};
		1DE3C18E2C07747500591FAD /* Products */ = {
			isa = PBXGroup;
			children = (
				1DE3C18D2C07747500591FAD /* airT.app */,
			);
			name = Products;
			sourceTree = "<group>";
		};
		1DE3C18F2C07747500591FAD /* airT */ = {
			isa = PBXGroup;
			children = (
				1DE3C19E2C07762500591FAD /* Models */,
				1DE3C1A12C07769000591FAD /* Views */,
				1DE3C1A22C0776A800591FAD /* ViewModels */,
				1DE3C1A32C0776B900591FAD /* Coordinators */,
				1DE3C1902C07747500591FAD /* airTApp.swift */,
				1DE3C1922C07747500591FAD /* ContentView.swift */,
				1DE3C1942C07747900591FAD /* Assets.xcassets */,
				1DE3C1962C07747900591FAD /* Preview Content */,
			);
			path = airT;
			sourceTree = "<group>";
		};
		1DE3C1962C07747900591FAD /* Preview Content */ = {
			isa = PBXGroup;
			children = (
				1DE3C1972C07747900591FAD /* Preview Assets.xcassets */,
			);
			path = "Preview Content";
			sourceTree = "<group>";
		};
		1DE3C19E2C07762500591FAD /* Models */ = {
			isa = PBXGroup;
			children = (
				1DE3C1C22C078C3200591FAD /* Offer.swift */,
				1DE3C1C42C078C9E00591FAD /* APIService.swift */,
				1D1279282C09FDCC00C67904 /* Ticket.swift */,
				1D12792A2C09FDE800C67904 /* TicketResponse.swift */,
				1D12792C2C09FE0A00C67904 /* TicketService.swift */,
				1D1279322C0A378000C67904 /* Card.swift */,
			);
			path = Models;
			sourceTree = "<group>";
		};
		1DE3C1A12C07769000591FAD /* Views */ = {
			isa = PBXGroup;
			children = (
				1DE3C1B82C077D5100591FAD /* MainView.swift */,
				1DE3C1BA2C077D8600591FAD /* HotelsView.swift */,
				1DE3C1BC2C077DAF00591FAD /* ShortcutsView.swift */,
				1DE3C1BE2C077DCF00591FAD /* SubscriptionsView.swift */,
				1DE3C1C02C077DF500591FAD /* ProfileView.swift */,
				1D1278FA2C080B7F00C67904 /* PlaceholderView.swift */,
				1D1278FC2C080DD600C67904 /* HolidayView.swift */,
				1D1278FE2C080EC700C67904 /* HotTicketView.swift */,
				1D1279002C08B2A600C67904 /* CountrySelectedView.swift */,
				1D1279242C09205900C67904 /* AllTicketsView.swift */,
				1D1279362C0A37E900C67904 /* CardView.swift */,
			);
			path = Views;
			sourceTree = "<group>";
		};
		1DE3C1A22C0776A800591FAD /* ViewModels */ = {
			isa = PBXGroup;
			children = (
				1DE3C1AE2C077CB600591FAD /* MainViewModel.swift */,
				1DE3C1B02C077CDE00591FAD /* HotelsViewModel.swift */,
				1DE3C1B22C077D0000591FAD /* ShortcutsViewModel.swift */,
				1DE3C1B42C077D1C00591FAD /* SubscriptionsViewModel.swift */,
				1DE3C1B62C077D3500591FAD /* ProfileViewModel.swift */,
				1D1279342C0A37C900C67904 /* AllTicketsViewModel.swift */,
			);
			path = ViewModels;
			sourceTree = "<group>";
		};
		1DE3C1A32C0776B900591FAD /* Coordinators */ = {
			isa = PBXGroup;
			children = (
				1DE3C1A62C07771D00591FAD /* AppCoordinator.swift */,
			);
			path = Coordinators;
			sourceTree = "<group>";
		};
/* End PBXGroup section */

/* Begin PBXNativeTarget section */
		1DE3C18C2C07747500591FAD /* airT */ = {
			isa = PBXNativeTarget;
			buildConfigurationList = 1DE3C19B2C07747900591FAD /* Build configuration list for PBXNativeTarget "airT" */;
			buildPhases = (
				1DE3C1892C07747500591FAD /* Sources */,
				1DE3C18A2C07747500591FAD /* Frameworks */,
				1DE3C18B2C07747500591FAD /* Resources */,
			);
			buildRules = (
			);
			dependencies = (
			);
			name = airT;
			productName = airT;
			productReference = 1DE3C18D2C07747500591FAD /* airT.app */;
			productType = "com.apple.product-type.application";
		};
/* End PBXNativeTarget section */

/* Begin PBXProject section */
		1DE3C1852C07747500591FAD /* Project object */ = {
			isa = PBXProject;
			attributes = {
				BuildIndependentTargetsInParallel = 1;
				LastSwiftUpdateCheck = 1540;
				LastUpgradeCheck = 1540;
				TargetAttributes = {
					1DE3C18C2C07747500591FAD = {
						CreatedOnToolsVersion = 15.4;
					};
				};
			};
			buildConfigurationList = 1DE3C1882C07747500591FAD /* Build configuration list for PBXProject "airT" */;
			compatibilityVersion = "Xcode 14.0";
			developmentRegion = en;
			hasScannedForEncodings = 0;
			knownRegions = (
				en,
				Base,
			);
			mainGroup = 1DE3C1842C07747500591FAD;
			productRefGroup = 1DE3C18E2C07747500591FAD /* Products */;
			projectDirPath = "";
			projectRoot = "";
			targets = (
				1DE3C18C2C07747500591FAD /* airT */,
			);
		};
/* End PBXProject section */

/* Begin PBXResourcesBuildPhase section */
		1DE3C18B2C07747500591FAD /* Resources */ = {
			isa = PBXResourcesBuildPhase;
			buildActionMask = 2147483647;
			files = (
				1DE3C1982C07747900591FAD /* Preview Assets.xcassets in Resources */,
				1DE3C1952C07747900591FAD /* Assets.xcassets in Resources */,
			);
			runOnlyForDeploymentPostprocessing = 0;
		};
/* End PBXResourcesBuildPhase section */

/* Begin PBXSourcesBuildPhase section */
		1DE3C1892C07747500591FAD /* Sources */ = {
			isa = PBXSourcesBuildPhase;
			buildActionMask = 2147483647;
			files = (
				1DE3C1C32C078C3200591FAD /* Offer.swift in Sources */,
				1DE3C1C52C078C9E00591FAD /* APIService.swift in Sources */,
				1DE3C1B52C077D1C00591FAD /* SubscriptionsViewModel.swift in Sources */,
				1DE3C1C12C077DF500591FAD /* ProfileView.swift in Sources */,
				1D1278FD2C080DD600C67904 /* HolidayView.swift in Sources */,
				1DE3C1B92C077D5100591FAD /* MainView.swift in Sources */,
				1D1279252C09205900C67904 /* AllTicketsView.swift in Sources */,
				1D1279332C0A378000C67904 /* Card.swift in Sources */,
				1DE3C1BD2C077DAF00591FAD /* ShortcutsView.swift in Sources */,
				1DE3C1B12C077CDE00591FAD /* HotelsViewModel.swift in Sources */,
				1D1279352C0A37C900C67904 /* AllTicketsViewModel.swift in Sources */,
				1D1279012C08B2A600C67904 /* CountrySelectedView.swift in Sources */,
				1DE3C1BB2C077D8600591FAD /* HotelsView.swift in Sources */,
				1DE3C1932C07747500591FAD /* ContentView.swift in Sources */,
				1D12792B2C09FDE800C67904 /* TicketResponse.swift in Sources */,
				1D1278FF2C080EC700C67904 /* HotTicketView.swift in Sources */,
				1DE3C1A72C07771D00591FAD /* AppCoordinator.swift in Sources */,
				1D12792D2C09FE0A00C67904 /* TicketService.swift in Sources */,
				1DE3C1912C07747500591FAD /* airTApp.swift in Sources */,
				1DE3C1B32C077D0000591FAD /* ShortcutsViewModel.swift in Sources */,
				1D1279372C0A37E900C67904 /* CardView.swift in Sources */,
				1DE3C1BF2C077DCF00591FAD /* SubscriptionsView.swift in Sources */,
				1DE3C1B72C077D3500591FAD /* ProfileViewModel.swift in Sources */,
				1D1278FB2C080B7F00C67904 /* PlaceholderView.swift in Sources */,
				1D1279292C09FDCC00C67904 /* Ticket.swift in Sources */,
				1DE3C1AF2C077CB600591FAD /* MainViewModel.swift in Sources */,
			);
			runOnlyForDeploymentPostprocessing = 0;
		};
/* End PBXSourcesBuildPhase section */

/* Begin XCBuildConfiguration section */
		1DE3C1992C07747900591FAD /* Debug */ = {
			isa = XCBuildConfiguration;
			buildSettings = {
				ALWAYS_SEARCH_USER_PATHS = NO;
				ASSETCATALOG_COMPILER_GENERATE_SWIFT_ASSET_SYMBOL_EXTENSIONS = YES;
				CLANG_ANALYZER_NONNULL = YES;
				CLANG_ANALYZER_NUMBER_OBJECT_CONVERSION = YES_AGGRESSIVE;
				CLANG_CXX_LANGUAGE_STANDARD = "gnu++20";
				CLANG_ENABLE_MODULES = YES;
				CLANG_ENABLE_OBJC_ARC = YES;
				CLANG_ENABLE_OBJC_WEAK = YES;
				CLANG_WARN_BLOCK_CAPTURE_AUTORELEASING = YES;
				CLANG_WARN_BOOL_CONVERSION = YES;
				CLANG_WARN_COMMA = YES;
				CLANG_WARN_CONSTANT_CONVERSION = YES;
				CLANG_WARN_DEPRECATED_OBJC_IMPLEMENTATIONS = YES;
				CLANG_WARN_DIRECT_OBJC_ISA_USAGE = YES_ERROR;
				CLANG_WARN_DOCUMENTATION_COMMENTS = YES;
				CLANG_WARN_EMPTY_BODY = YES;
				CLANG_WARN_ENUM_CONVERSION = YES;
				CLANG_WARN_INFINITE_RECURSION = YES;
				CLANG_WARN_INT_CONVERSION = YES;
				CLANG_WARN_NON_LITERAL_NULL_CONVERSION = YES;
				CLANG_WARN_OBJC_IMPLICIT_RETAIN_SELF = YES;
				CLANG_WARN_OBJC_LITERAL_CONVERSION = YES;
				CLANG_WARN_OBJC_ROOT_CLASS = YES_ERROR;
				CLANG_WARN_QUOTED_INCLUDE_IN_FRAMEWORK_HEADER = YES;
				CLANG_WARN_RANGE_LOOP_ANALYSIS = YES;
				CLANG_WARN_STRICT_PROTOTYPES = YES;
				CLANG_WARN_SUSPICIOUS_MOVE = YES;
				CLANG_WARN_UNGUARDED_AVAILABILITY = YES_AGGRESSIVE;
				CLANG_WARN_UNREACHABLE_CODE = YES;
				CLANG_WARN__DUPLICATE_METHOD_MATCH = YES;
				COPY_PHASE_STRIP = NO;
				DEBUG_INFORMATION_FORMAT = dwarf;
				ENABLE_STRICT_OBJC_MSGSEND = YES;
				ENABLE_TESTABILITY = YES;
				ENABLE_USER_SCRIPT_SANDBOXING = YES;
				GCC_C_LANGUAGE_STANDARD = gnu17;
				GCC_DYNAMIC_NO_PIC = NO;
				GCC_NO_COMMON_BLOCKS = YES;
				GCC_OPTIMIZATION_LEVEL = 0;
				GCC_PREPROCESSOR_DEFINITIONS = (
					"DEBUG=1",
					"$(inherited)",
				);
				GCC_WARN_64_TO_32_BIT_CONVERSION = YES;
				GCC_WARN_ABOUT_RETURN_TYPE = YES_ERROR;
				GCC_WARN_UNDECLARED_SELECTOR = YES;
				GCC_WARN_UNINITIALIZED_AUTOS = YES_AGGRESSIVE;
				GCC_WARN_UNUSED_FUNCTION = YES;
				GCC_WARN_UNUSED_VARIABLE = YES;
				IPHONEOS_DEPLOYMENT_TARGET = 17.5;
				LOCALIZATION_PREFERS_STRING_CATALOGS = YES;
				MTL_ENABLE_DEBUG_INFO = INCLUDE_SOURCE;
				MTL_FAST_MATH = YES;
				ONLY_ACTIVE_ARCH = YES;
				SDKROOT = iphoneos;
				SWIFT_ACTIVE_COMPILATION_CONDITIONS = "DEBUG $(inherited)";
				SWIFT_OPTIMIZATION_LEVEL = "-Onone";
			};
			name = Debug;
		};
		1DE3C19A2C07747900591FAD /* Release */ = {
			isa = XCBuildConfiguration;
			buildSettings = {
				ALWAYS_SEARCH_USER_PATHS = NO;
				ASSETCATALOG_COMPILER_GENERATE_SWIFT_ASSET_SYMBOL_EXTENSIONS = YES;
				CLANG_ANALYZER_NONNULL = YES;
				CLANG_ANALYZER_NUMBER_OBJECT_CONVERSION = YES_AGGRESSIVE;
				CLANG_CXX_LANGUAGE_STANDARD = "gnu++20";
				CLANG_ENABLE_MODULES = YES;
				CLANG_ENABLE_OBJC_ARC = YES;
				CLANG_ENABLE_OBJC_WEAK = YES;
				CLANG_WARN_BLOCK_CAPTURE_AUTORELEASING = YES;
				CLANG_WARN_BOOL_CONVERSION = YES;
				CLANG_WARN_COMMA = YES;
				CLANG_WARN_CONSTANT_CONVERSION = YES;
				CLANG_WARN_DEPRECATED_OBJC_IMPLEMENTATIONS = YES;
				CLANG_WARN_DIRECT_OBJC_ISA_USAGE = YES_ERROR;
				CLANG_WARN_DOCUMENTATION_COMMENTS = YES;
				CLANG_WARN_EMPTY_BODY = YES;
				CLANG_WARN_ENUM_CONVERSION = YES;
				CLANG_WARN_INFINITE_RECURSION = YES;
				CLANG_WARN_INT_CONVERSION = YES;
				CLANG_WARN_NON_LITERAL_NULL_CONVERSION = YES;
				CLANG_WARN_OBJC_IMPLICIT_RETAIN_SELF = YES;
				CLANG_WARN_OBJC_LITERAL_CONVERSION = YES;
				CLANG_WARN_OBJC_ROOT_CLASS = YES_ERROR;
				CLANG_WARN_QUOTED_INCLUDE_IN_FRAMEWORK_HEADER = YES;
				CLANG_WARN_RANGE_LOOP_ANALYSIS = YES;
				CLANG_WARN_STRICT_PROTOTYPES = YES;
				CLANG_WARN_SUSPICIOUS_MOVE = YES;
				CLANG_WARN_UNGUARDED_AVAILABILITY = YES_AGGRESSIVE;
				CLANG_WARN_UNREACHABLE_CODE = YES;
				CLANG_WARN__DUPLICATE_METHOD_MATCH = YES;
				COPY_PHASE_STRIP = NO;
				DEBUG_INFORMATION_FORMAT = "dwarf-with-dsym";
				ENABLE_NS_ASSERTIONS = NO;
				ENABLE_STRICT_OBJC_MSGSEND = YES;
				ENABLE_USER_SCRIPT_SANDBOXING = YES;
				GCC_C_LANGUAGE_STANDARD = gnu17;
				GCC_NO_COMMON_BLOCKS = YES;
				GCC_WARN_64_TO_32_BIT_CONVERSION = YES;
				GCC_WARN_ABOUT_RETURN_TYPE = YES_ERROR;
				GCC_WARN_UNDECLARED_SELECTOR = YES;
				GCC_WARN_UNINITIALIZED_AUTOS = YES_AGGRESSIVE;
				GCC_WARN_UNUSED_FUNCTION = YES;
				GCC_WARN_UNUSED_VARIABLE = YES;
				IPHONEOS_DEPLOYMENT_TARGET = 17.5;
				LOCALIZATION_PREFERS_STRING_CATALOGS = YES;
				MTL_ENABLE_DEBUG_INFO = NO;
				MTL_FAST_MATH = YES;
				SDKROOT = iphoneos;
				SWIFT_COMPILATION_MODE = wholemodule;
				VALIDATE_PRODUCT = YES;
			};
			name = Release;
		};
		1DE3C19C2C07747900591FAD /* Debug */ = {
			isa = XCBuildConfiguration;
			buildSettings = {
				ASSETCATALOG_COMPILER_APPICON_NAME = AppIcon;
				ASSETCATALOG_COMPILER_GLOBAL_ACCENT_COLOR_NAME = AccentColor;
				CODE_SIGN_STYLE = Automatic;
				CURRENT_PROJECT_VERSION = 1;
				DEVELOPMENT_ASSET_PATHS = "\"airT/Preview Content\"";
				DEVELOPMENT_TEAM = 2564X3Y36N;
				ENABLE_PREVIEWS = YES;
				GENERATE_INFOPLIST_FILE = YES;
				INFOPLIST_KEY_UIApplicationSceneManifest_Generation = YES;
				INFOPLIST_KEY_UIApplicationSupportsIndirectInputEvents = YES;
				INFOPLIST_KEY_UILaunchScreen_Generation = YES;
				INFOPLIST_KEY_UISupportedInterfaceOrientations_iPad = "UIInterfaceOrientationPortrait UIInterfaceOrientationPortraitUpsideDown UIInterfaceOrientationLandscapeLeft UIInterfaceOrientationLandscapeRight";
				INFOPLIST_KEY_UISupportedInterfaceOrientations_iPhone = "UIInterfaceOrientationPortrait UIInterfaceOrientationLandscapeLeft UIInterfaceOrientationLandscapeRight";
				LD_RUNPATH_SEARCH_PATHS = (
					"$(inherited)",
					"@executable_path/Frameworks",
				);
				MARKETING_VERSION = 1.0;
				PRODUCT_BUNDLE_IDENTIFIER = kolya18.airT;
				PRODUCT_NAME = "$(TARGET_NAME)";
				SWIFT_EMIT_LOC_STRINGS = YES;
				SWIFT_VERSION = 5.0;
				TARGETED_DEVICE_FAMILY = "1,2";
			};
			name = Debug;
		};
		1DE3C19D2C07747900591FAD /* Release */ = {
			isa = XCBuildConfiguration;
			buildSettings = {
				ASSETCATALOG_COMPILER_APPICON_NAME = AppIcon;
				ASSETCATALOG_COMPILER_GLOBAL_ACCENT_COLOR_NAME = AccentColor;
				CODE_SIGN_STYLE = Automatic;
				CURRENT_PROJECT_VERSION = 1;
				DEVELOPMENT_ASSET_PATHS = "\"airT/Preview Content\"";
				DEVELOPMENT_TEAM = 2564X3Y36N;
				ENABLE_PREVIEWS = YES;
				GENERATE_INFOPLIST_FILE = YES;
				INFOPLIST_KEY_UIApplicationSceneManifest_Generation = YES;
				INFOPLIST_KEY_UIApplicationSupportsIndirectInputEvents = YES;
				INFOPLIST_KEY_UILaunchScreen_Generation = YES;
				INFOPLIST_KEY_UISupportedInterfaceOrientations_iPad = "UIInterfaceOrientationPortrait UIInterfaceOrientationPortraitUpsideDown UIInterfaceOrientationLandscapeLeft UIInterfaceOrientationLandscapeRight";
				INFOPLIST_KEY_UISupportedInterfaceOrientations_iPhone = "UIInterfaceOrientationPortrait UIInterfaceOrientationLandscapeLeft UIInterfaceOrientationLandscapeRight";
				LD_RUNPATH_SEARCH_PATHS = (
					"$(inherited)",
					"@executable_path/Frameworks",
				);
				MARKETING_VERSION = 1.0;
				PRODUCT_BUNDLE_IDENTIFIER = kolya18.airT;
				PRODUCT_NAME = "$(TARGET_NAME)";
				SWIFT_EMIT_LOC_STRINGS = YES;
				SWIFT_VERSION = 5.0;
				TARGETED_DEVICE_FAMILY = "1,2";
			};
			name = Release;
		};
/* End XCBuildConfiguration section */

/* Begin XCConfigurationList section */
		1DE3C1882C07747500591FAD /* Build configuration list for PBXProject "airT" */ = {
			isa = XCConfigurationList;
			buildConfigurations = (
				1DE3C1992C07747900591FAD /* Debug */,
				1DE3C19A2C07747900591FAD /* Release */,
			);
			defaultConfigurationIsVisible = 0;
			defaultConfigurationName = Release;
		};
		1DE3C19B2C07747900591FAD /* Build configuration list for PBXNativeTarget "airT" */ = {
			isa = XCConfigurationList;
			buildConfigurations = (
				1DE3C19C2C07747900591FAD /* Debug */,
				1DE3C19D2C07747900591FAD /* Release */,
			);
			defaultConfigurationIsVisible = 0;
			defaultConfigurationName = Release;
		};
/* End XCConfigurationList section */
	};
	rootObject = 1DE3C1852C07747500591FAD /* Project object */;
}
